
Microsoft Visual Studio Solution File, Format Version 12.00
# Visual Studio Version 16
VisualStudioVersion = 16.0.30406.169
MinimumVisualStudioVersion = 10.0.40219.1
Project("{2150E333-8FDC-42A3-9474-1A3956D46DE8}") = "Source", "Source", "{BFFDB2ED-6DC6-416D-9E5F-7F260C2B5CCB}"
EndProject
Project("{2150E333-8FDC-42A3-9474-1A3956D46DE8}") = "Catalog", "Catalog", "{07368D3F-C27E-4D8C-8CB6-C5CF3EEE0940}"
	ProjectSection(SolutionItems) = preProject
		src\Catalog\Dockerfile = src\Catalog\Dockerfile
	EndProjectSection
EndProject
Project("{FAE04EC0-301F-11D3-BF4B-00C04F79EFBC}") = "Catalog.Domain", "src\Catalog\Domain\Catalog.Domain.csproj", "{1D9DD02C-615C-4CAE-B324-8515EBF59A3B}"
EndProject
Project("{FAE04EC0-301F-11D3-BF4B-00C04F79EFBC}") = "Catalog.Infrastructure", "src\Catalog\Infrastructure\Catalog.Infrastructure.csproj", "{9B98E3D0-D0F3-420F-A849-1C4C1D403F5D}"
EndProject
Project("{9A19103F-16F7-4668-BE54-9A1E7A4F7556}") = "Catalog.Api", "src\Catalog\Api\Catalog.Api.csproj", "{E9F2F1DB-D202-4BFA-9A45-C514320E91D8}"
EndProject
Project("{2150E333-8FDC-42A3-9474-1A3956D46DE8}") = "workflows", "workflows", "{0F03940B-F951-4997-A822-459E6E6481C2}"
	ProjectSection(SolutionItems) = preProject
		.github\workflows\main.yml = .github\workflows\main.yml
	EndProjectSection
EndProject
Global
	GlobalSection(SolutionConfigurationPlatforms) = preSolution
		Debug|Any CPU = Debug|Any CPU
		Release|Any CPU = Release|Any CPU
	EndGlobalSection
	GlobalSection(ProjectConfigurationPlatforms) = postSolution
		{1D9DD02C-615C-4CAE-B324-8515EBF59A3B}.Debug|Any CPU.ActiveCfg = Debug|Any CPU
		{1D9DD02C-615C-4CAE-B324-8515EBF59A3B}.Debug|Any CPU.Build.0 = Debug|Any CPU
		{1D9DD02C-615C-4CAE-B324-8515EBF59A3B}.Release|Any CPU.ActiveCfg = Release|Any CPU
		{1D9DD02C-615C-4CAE-B324-8515EBF59A3B}.Release|Any CPU.Build.0 = Release|Any CPU
		{9B98E3D0-D0F3-420F-A849-1C4C1D403F5D}.Debug|Any CPU.ActiveCfg = Debug|Any CPU
		{9B98E3D0-D0F3-420F-A849-1C4C1D403F5D}.Debug|Any CPU.Build.0 = Debug|Any CPU
		{9B98E3D0-D0F3-420F-A849-1C4C1D403F5D}.Release|Any CPU.ActiveCfg = Release|Any CPU
		{9B98E3D0-D0F3-420F-A849-1C4C1D403F5D}.Release|Any CPU.Build.0 = Release|Any CPU
		{E9F2F1DB-D202-4BFA-9A45-C514320E91D8}.Debug|Any CPU.ActiveCfg = Debug|Any CPU
		{E9F2F1DB-D202-4BFA-9A45-C514320E91D8}.Debug|Any CPU.Build.0 = Debug|Any CPU
		{E9F2F1DB-D202-4BFA-9A45-C514320E91D8}.Release|Any CPU.ActiveCfg = Release|Any CPU
		{E9F2F1DB-D202-4BFA-9A45-C514320E91D8}.Release|Any CPU.Build.0 = Release|Any CPU
	EndGlobalSection
	GlobalSection(SolutionProperties) = preSolution
		HideSolutionNode = FALSE
	EndGlobalSection
	GlobalSection(NestedProjects) = preSolution
		{07368D3F-C27E-4D8C-8CB6-C5CF3EEE0940} = {BFFDB2ED-6DC6-416D-9E5F-7F260C2B5CCB}
		{1D9DD02C-615C-4CAE-B324-8515EBF59A3B} = {07368D3F-C27E-4D8C-8CB6-C5CF3EEE0940}
		{9B98E3D0-D0F3-420F-A849-1C4C1D403F5D} = {07368D3F-C27E-4D8C-8CB6-C5CF3EEE0940}
		{E9F2F1DB-D202-4BFA-9A45-C514320E91D8} = {07368D3F-C27E-4D8C-8CB6-C5CF3EEE0940}
	EndGlobalSection
	GlobalSection(ExtensibilityGlobals) = postSolution
		SolutionGuid = {C5ABA351-1562-4925-ACCB-80BE450BE931}
	EndGlobalSection
EndGlobal
